
Microsoft Visual Studio Solution File, Format Version 12.00
# Visual Studio Version 17
VisualStudioVersion = 17.0.31903.59
MinimumVisualStudioVersion = 10.0.40219.1
Project("{FAE04EC0-301F-11D3-BF4B-00C04F79EFBC}") = "API", "API\API.csproj", "{486D4507-BF90-4DB7-A48E-49B22B234287}"
EndProject
Project("{FAE04EC0-301F-11D3-BF4B-00C04F79EFBC}") = "Core", "Core\Core.csproj", "{90B11268-CB2A-4EB5-A03E-24E591BD952C}"
EndProject
Project("{FAE04EC0-301F-11D3-BF4B-00C04F79EFBC}") = "Infrastructure", "Infrastructure\Infrastructure.csproj", "{C2A6D2CB-95A5-47FD-946A-3F786E685D67}"
EndProject
Global
	GlobalSection(SolutionConfigurationPlatforms) = preSolution
		Debug|Any CPU = Debug|Any CPU
		Release|Any CPU = Release|Any CPU
	EndGlobalSection
	GlobalSection(SolutionProperties) = preSolution
		HideSolutionNode = FALSE
	EndGlobalSection
	GlobalSection(ProjectConfigurationPlatforms) = postSolution
		{486D4507-BF90-4DB7-A48E-49B22B234287}.Debug|Any CPU.ActiveCfg = Debug|Any CPU
		{486D4507-BF90-4DB7-A48E-49B22B234287}.Debug|Any CPU.Build.0 = Debug|Any CPU
		{486D4507-BF90-4DB7-A48E-49B22B234287}.Release|Any CPU.ActiveCfg = Release|Any CPU
		{486D4507-BF90-4DB7-A48E-49B22B234287}.Release|Any CPU.Build.0 = Release|Any CPU
		{90B11268-CB2A-4EB5-A03E-24E591BD952C}.Debug|Any CPU.ActiveCfg = Debug|Any CPU
		{90B11268-CB2A-4EB5-A03E-24E591BD952C}.Debug|Any CPU.Build.0 = Debug|Any CPU
		{90B11268-CB2A-4EB5-A03E-24E591BD952C}.Release|Any CPU.ActiveCfg = Release|Any CPU
		{90B11268-CB2A-4EB5-A03E-24E591BD952C}.Release|Any CPU.Build.0 = Release|Any CPU
		{C2A6D2CB-95A5-47FD-946A-3F786E685D67}.Debug|Any CPU.ActiveCfg = Debug|Any CPU
		{C2A6D2CB-95A5-47FD-946A-3F786E685D67}.Debug|Any CPU.Build.0 = Debug|Any CPU
		{C2A6D2CB-95A5-47FD-946A-3F786E685D67}.Release|Any CPU.ActiveCfg = Release|Any CPU
		{C2A6D2CB-95A5-47FD-946A-3F786E685D67}.Release|Any CPU.Build.0 = Release|Any CPU
	EndGlobalSection
EndGlobal
